PODS:
  - GoogleAds-IMA-iOS-SDK (3.22.0)
  - libwebp (1.3.2):
    - libwebp/demux (= 1.3.2)
    - libwebp/mux (= 1.3.2)
    - libwebp/sharpyuv (= 1.3.2)
    - libwebp/webp (= 1.3.2)
  - libwebp/demux (1.3.2):
    - libwebp/webp
  - libwebp/mux (1.3.2):
    - libwebp/demux
  - libwebp/sharpyuv (1.3.2)
  - libwebp/webp (1.3.2):
    - libwebp/sharpyuv
  - ReactiveObjC (3.1.1)
  - SDWebImage (5.18.5):
    - SDWebImage/Core (= 5.18.5)
  - SDWebImage/Core (5.18.5)
  - SDWebImageWebPCoder (0.14.5):
    - libwebp (~> 1.0)
    - SDWebImage/Core (~> 5.17)
  - SKPAdBenefit (1.4.1):
    - GoogleAds-IMA-iOS-SDK (~> 3.22.0)
    - ReactiveObjC (~> 3.1.1)
    - SDWebImage (~> 5.0)
    - SDWebImageWebPCoder
  - Toast (4.0.0)

DEPENDENCIES:
  - SDWebImage (~> 5.0)
  - SKPAdBenefit (= 1.4.1)
  - Toast (~> 4.0.0)

SPEC REPOS:
  https://github.com/CocoaPods/Specs.git:
    - GoogleAds-IMA-iOS-SDK
    - libwebp
    - ReactiveObjC
    - SDWebImage
    - SDWebImageWebPCoder
    - Toast
  https://github.com/PlanetAdDevelopers/Specs:
    - SKPAdBenefit

SPEC CHECKSUMS:
  GoogleAds-IMA-iOS-SDK: e594350077f2838a335b40de079a12f0a16e1f6d
  libwebp: 1786c9f4ff8a279e4dac1e8f385004d5fc253009
  ReactiveObjC: 011caa393aa0383245f2dcf9bf02e86b80b36040
  SDWebImage: 7ac2b7ddc5e8484c79aa90fc4e30b149d6a2c88f
  SDWebImageWebPCoder: c94f09adbca681822edad9e532ac752db713eabf
  SKPAdBenefit: 59bf519434727d87d98b6f688469361838d14e13
  Toast: 91b396c56ee72a5790816f40d3a94dd357abc196

PODFILE CHECKSUM: 4275d409c4b01306be25d3a1809b44fd7bd00594

COCOAPODS: 1.15.2
